{
  "nodes": {
    "agenix": {
      "inputs": {
        "darwin": "darwin",
        "home-manager": "home-manager",
        "nixpkgs": [
          "nixpkgs"
        ],
        "systems": "systems"
      },
      "locked": {
        "lastModified": 1723293904,
        "narHash": "sha256-b+uqzj+Wa6xgMS9aNbX4I+sXeb5biPDi39VgvSFqFvU=",
        "owner": "ryantm",
        "repo": "agenix",
        "rev": "f6291c5935fdc4e0bef208cfc0dcab7e3f7a1c41",
        "type": "github"
      },
      "original": {
        "owner": "ryantm",
        "repo": "agenix",
        "type": "github"
      }
    },
    "darwin": {
      "inputs": {
        "nixpkgs": [
          "agenix",
          "nixpkgs"
        ]
      },
      "locked": {
        "lastModified": 1700795494,
        "narHash": "sha256-gzGLZSiOhf155FW7262kdHo2YDeugp3VuIFb4/GGng0=",
        "owner": "lnl7",
        "repo": "nix-darwin",
        "rev": "4b9b83d5a92e8c1fbfd8eb27eda375908c11ec4d",
        "type": "github"
      },
      "original": {
        "owner": "lnl7",
        "ref": "master",
        "repo": "nix-darwin",
        "type": "github"
      }
    },
    "darwin_2": {
      "inputs": {
        "nixpkgs": [
          "nixpkgs"
        ]
      },
      "locked": {
        "lastModified": 1733570843,
        "narHash": "sha256-sQJAxY1TYWD1UyibN/FnN97paTFuwBw3Vp3DNCyKsMk=",
        "owner": "lnl7",
        "repo": "nix-darwin",
        "rev": "a35b08d09efda83625bef267eb24347b446c80b8",
        "type": "github"
      },
      "original": {
        "owner": "lnl7",
        "ref": "master",
        "repo": "nix-darwin",
        "type": "github"
      }
    },
    "dotfiles": {
      "flake": false,
      "locked": {
        "lastModified": 1734613071,
        "narHash": "sha256-c+GGmF0xL6omIJeKuqpojJ+rBLfQDbL3CIyQNysgkWs=",
        "owner": "irohn",
        "repo": "xdg",
        "rev": "fbc4e5fce674d8247f13093431171af092d6d26b",
        "type": "github"
      },
      "original": {
        "owner": "irohn",
        "repo": "xdg",
        "type": "github"
      }
    },
    "flake-compat": {
      "flake": false,
      "locked": {
        "lastModified": 1733328505,
        "narHash": "sha256-NeCCThCEP3eCl2l/+27kNNK7QrwZB1IJCrXfrbv5oqU=",
        "owner": "edolstra",
        "repo": "flake-compat",
        "rev": "ff81ac966bb2cae68946d5ed5fc4994f96d0ffec",
        "type": "github"
      },
      "original": {
        "owner": "edolstra",
        "repo": "flake-compat",
        "type": "github"
      }
    },
    "flake-utils": {
      "inputs": {
        "systems": "systems_2"
      },
      "locked": {
        "lastModified": 1731533236,
        "narHash": "sha256-l0KFg5HjrsfsO/JpG+r7fRrqm12kzFHyUHqHCVpMMbI=",
        "owner": "numtide",
        "repo": "flake-utils",
        "rev": "11707dc2f618dd54ca8739b309ec4fc024de578b",
        "type": "github"
      },
      "original": {
        "owner": "numtide",
        "repo": "flake-utils",
        "type": "github"
      }
    },
    "greenix": {
      "flake": false,
      "locked": {
        "lastModified": 1734542023,
        "narHash": "sha256-/OIJBCJIdr/92dmn8+Wpnits+hX8HtvcFKdQGKEp9zE=",
        "owner": "greeneyetechnology",
        "repo": "greenix",
        "rev": "8091a57584f179ed79f3e67f165bce1b7b927ff5",
        "type": "github"
      },
      "original": {
        "owner": "greeneyetechnology",
        "repo": "greenix",
        "type": "github"
      }
    },
    "home-manager": {
      "inputs": {
        "nixpkgs": [
          "agenix",
          "nixpkgs"
        ]
      },
      "locked": {
        "lastModified": 1703113217,
        "narHash": "sha256-7ulcXOk63TIT2lVDSExj7XzFx09LpdSAPtvgtM7yQPE=",
        "owner": "nix-community",
        "repo": "home-manager",
        "rev": "3bfaacf46133c037bb356193bd2f1765d9dc82c1",
        "type": "github"
      },
      "original": {
        "owner": "nix-community",
        "repo": "home-manager",
        "type": "github"
      }
    },
    "home-manager_2": {
      "inputs": {
        "nixpkgs": [
          "nixpkgs"
        ]
      },
      "locked": {
        "lastModified": 1734366194,
        "narHash": "sha256-vykpJ1xsdkv0j8WOVXrRFHUAdp9NXHpxdnn1F4pYgSw=",
        "owner": "nix-community",
        "repo": "home-manager",
        "rev": "80b0fdf483c5d1cb75aaad909bd390d48673857f",
        "type": "github"
      },
      "original": {
        "owner": "nix-community",
        "ref": "release-24.11",
        "repo": "home-manager",
        "type": "github"
      }
    },
    "nixos-wsl": {
      "inputs": {
        "flake-compat": "flake-compat",
        "flake-utils": "flake-utils",
        "nixpkgs": [
          "nixpkgs"
        ]
      },
      "locked": {
        "lastModified": 1733854371,
        "narHash": "sha256-K9qGHniYBbjqVcEiwXyiofj/IFf78L5F0/FCf+CKyr0=",
        "owner": "nix-community",
        "repo": "NixOS-WSL",
        "rev": "dee4425dcee3149475ead0cb6a616b8a028c5888",
        "type": "github"
      },
      "original": {
        "owner": "nix-community",
        "repo": "NixOS-WSL",
        "type": "github"
      }
    },
    "nixpkgs": {
      "locked": {
        "lastModified": 1734323986,
        "narHash": "sha256-m/lh6hYMIWDYHCAsn81CDAiXoT3gmxXI9J987W5tZrE=",
        "owner": "nixos",
        "repo": "nixpkgs",
        "rev": "394571358ce82dff7411395829aa6a3aad45b907",
        "type": "github"
      },
      "original": {
        "owner": "nixos",
        "ref": "nixos-24.11",
        "repo": "nixpkgs",
        "type": "github"
      }
    },
    "nixpkgs-unstable": {
      "locked": {
        "lastModified": 1734424634,
        "narHash": "sha256-cHar1vqHOOyC7f1+tVycPoWTfKIaqkoe1Q6TnKzuti4=",
        "owner": "nixos",
        "repo": "nixpkgs",
        "rev": "d3c42f187194c26d9f0309a8ecc469d6c878ce33",
        "type": "github"
      },
      "original": {
        "owner": "nixos",
        "ref": "nixos-unstable",
        "repo": "nixpkgs",
        "type": "github"
      }
    },
    "root": {
      "inputs": {
        "agenix": "agenix",
        "darwin": "darwin_2",
        "dotfiles": "dotfiles",
        "greenix": "greenix",
        "home-manager": "home-manager_2",
        "nixos-wsl": "nixos-wsl",
        "nixpkgs": "nixpkgs",
        "nixpkgs-unstable": "nixpkgs-unstable"
      }
    },
    "systems": {
      "locked": {
        "lastModified": 1681028828,
        "narHash": "sha256-Vy1rq5AaRuLzOxct8nz4T6wlgyUR7zLU309k9mBC768=",
        "owner": "nix-systems",
        "repo": "default",
        "rev": "da67096a3b9bf56a91d16901293e51ba5b49a27e",
        "type": "github"
      },
      "original": {
        "owner": "nix-systems",
        "repo": "default",
        "type": "github"
      }
    },
    "systems_2": {
      "locked": {
        "lastModified": 1681028828,
        "narHash": "sha256-Vy1rq5AaRuLzOxct8nz4T6wlgyUR7zLU309k9mBC768=",
        "owner": "nix-systems",
        "repo": "default",
        "rev": "da67096a3b9bf56a91d16901293e51ba5b49a27e",
        "type": "github"
      },
      "original": {
        "owner": "nix-systems",
        "repo": "default",
        "type": "github"
      }
    }
  },
  "root": "root",
  "version": 7
}
